<?xml version="1.0" encoding="utf-8"?>
<Project ToolsVersion="4.0" xmlns="http://schemas.microsoft.com/developer/msbuild/2003">
  <ItemGroup>
    <ClCompile Include="wwinmain.cpp" />
    <ClCompile Include="StdAfx.cpp" />
    <ClCompile Include="thelog.cpp" />
  </ItemGroup>
  <ItemGroup>
    <ClInclude Include="resource.h" />
    <ClInclude Include="StdAfx.h" />
    <ClInclude Include="thelog.h" />
  </ItemGroup>
  <ItemGroup>
    <CustomBuild Include="dbjlogsvr.idl" />
    <CustomBuild Include="thelog.rgs" />
  </ItemGroup>
  <ItemGroup>
    <ResourceCompile Include="dbjlogsvr.rc" />
  </ItemGroup>
  <ItemGroup>
    <None Include="dbjlogsvr.rgs" />
  </ItemGroup>
</Project>